
Microsoft Visual Studio Solution File, Format Version 12.00
# Visual Studio Version 17
VisualStudioVersion = 17.3.32929.385
MinimumVisualStudioVersion = 10.0.40219.1
Project("{9A19103F-16F7-4668-BE54-9A1E7A4F7556}") = "LABSOLOS", "LABSOLOS\LABSOLOS.csproj", "{0E5B2705-88DC-4456-B771-F9DAB4C7C3FF}"
EndProject
Project("{2150E333-8FDC-42A3-9474-1A3956D46DE8}") = "Solution Items", "Solution Items", "{692BD799-127D-4392-B126-0D62F199EE32}"
	ProjectSection(SolutionItems) = preProject
		.editorconfig = .editorconfig
	EndProjectSection
EndProject
Global
	GlobalSection(SolutionConfigurationPlatforms) = preSolution
		Debug|Any CPU = Debug|Any CPU
		Release|Any CPU = Release|Any CPU
	EndGlobalSection
	GlobalSection(ProjectConfigurationPlatforms) = postSolution
		{0E5B2705-88DC-4456-B771-F9DAB4C7C3FF}.Debug|Any CPU.ActiveCfg = Debug|Any CPU
		{0E5B2705-88DC-4456-B771-F9DAB4C7C3FF}.Debug|Any CPU.Build.0 = Debug|Any CPU
		{0E5B2705-88DC-4456-B771-F9DAB4C7C3FF}.Release|Any CPU.ActiveCfg = Release|Any CPU
		{0E5B2705-88DC-4456-B771-F9DAB4C7C3FF}.Release|Any CPU.Build.0 = Release|Any CPU
	EndGlobalSection
	GlobalSection(SolutionProperties) = preSolution
		HideSolutionNode = FALSE
	EndGlobalSection
	GlobalSection(ExtensibilityGlobals) = postSolution
		SolutionGuid = {4F190040-7E07-4BBB-A176-77948D98A6B1}
	EndGlobalSection
EndGlobal
